
Microsoft Visual Studio Solution File, Format Version 12.00
# Visual Studio Version 17
VisualStudioVersion = 17.4.33110.190
MinimumVisualStudioVersion = 10.0.40219.1
Project("{FAE04EC0-301F-11D3-BF4B-00C04F79EFBC}") = "AoC2022", "AoC2022.csproj", "{D5824CC6-29FE-45B6-8A18-D1A868693FA2}"
EndProject
Global
	GlobalSection(SolutionConfigurationPlatforms) = preSolution
		Debug|Any CPU = Debug|Any CPU
		Release|Any CPU = Release|Any CPU
	EndGlobalSection
	GlobalSection(ProjectConfigurationPlatforms) = postSolution
		{D5824CC6-29FE-45B6-8A18-D1A868693FA2}.Debug|Any CPU.ActiveCfg = Debug|Any CPU
		{D5824CC6-29FE-45B6-8A18-D1A868693FA2}.Debug|Any CPU.Build.0 = Debug|Any CPU
		{D5824CC6-29FE-45B6-8A18-D1A868693FA2}.Release|Any CPU.ActiveCfg = Release|Any CPU
		{D5824CC6-29FE-45B6-8A18-D1A868693FA2}.Release|Any CPU.Build.0 = Release|Any CPU
	EndGlobalSection
	GlobalSection(SolutionProperties) = preSolution
		HideSolutionNode = FALSE
	EndGlobalSection
	GlobalSection(ExtensibilityGlobals) = postSolution
		SolutionGuid = {AAB663EB-2017-475B-ABE8-66C08B45C966}
	EndGlobalSection
EndGlobal
